// !$*UTF8*$!
{
	archiveVersion = 1;
	classes = {
	};
	objectVersion = 46;
	objects = {

/* Begin PBXBuildFile section */
		4508D6011AC2961F007CA44A /* ToolBarCMCDTVC.m in Sources */ = {isa = PBXBuildFile; fileRef = 4508D6001AC2961F007CA44A /* ToolBarCMCDTVC.m */; };
		4508D6501AC3EDF5007CA44A /* CursorButton.m in Sources */ = {isa = PBXBuildFile; fileRef = 4508D64D1AC3EDF5007CA44A /* CursorButton.m */; };
		4508D6511AC3EDF5007CA44A /* Paths.m in Sources */ = {isa = PBXBuildFile; fileRef = 4508D64F1AC3EDF5007CA44A /* Paths.m */; };
		4508D6551AC3EE10007CA44A /* CGPath+Extension.m in Sources */ = {isa = PBXBuildFile; fileRef = 4508D6541AC3EE10007CA44A /* CGPath+Extension.m */; };
		4508D6581AC3F283007CA44A /* EasyBillsCursorButton.m in Sources */ = {isa = PBXBuildFile; fileRef = 4508D6571AC3F283007CA44A /* EasyBillsCursorButton.m */; };
		4508D65B1AC40CF8007CA44A /* BillDetailCVC+CLLocation.m in Sources */ = {isa = PBXBuildFile; fileRef = 4508D65A1AC40CF8007CA44A /* BillDetailCVC+CLLocation.m */; };
		4508D65E1AC41327007CA44A /* BillDetailCVC+MKMapView.m in Sources */ = {isa = PBXBuildFile; fileRef = 4508D65D1AC41327007CA44A /* BillDetailCVC+MKMapView.m */; };
		4508D6611AC41642007CA44A /* BillDetailCVC+UIActionSheet.m in Sources */ = {isa = PBXBuildFile; fileRef = 4508D6601AC41642007CA44A /* BillDetailCVC+UIActionSheet.m */; };
		4508D66A1AC41909007CA44A /* BillDetailCVC+SetUp.m in Sources */ = {isa = PBXBuildFile; fileRef = 4508D6691AC41909007CA44A /* BillDetailCVC+SetUp.m */; };
		4508D66D1AC41E60007CA44A /* BillDetailCVC+Observer.m in Sources */ = {isa = PBXBuildFile; fileRef = 4508D66C1AC41E60007CA44A /* BillDetailCVC+Observer.m */; };
		455C0D9F1AD64A080060C4DF /* LoadingStatus.m in Sources */ = {isa = PBXBuildFile; fileRef = 455C0D9E1AD64A080060C4DF /* LoadingStatus.m */; };
		455C0DA31AD650150060C4DF /* NSString+Extension.m in Sources */ = {isa = PBXBuildFile; fileRef = 455C0DA21AD650150060C4DF /* NSString+Extension.m */; };
		455C0DA61AD65BAF0060C4DF /* Bill.m in Sources */ = {isa = PBXBuildFile; fileRef = 455C0DA51AD65BAF0060C4DF /* Bill.m */; };
		455C0DA91AD65BB00060C4DF /* Plackmark.m in Sources */ = {isa = PBXBuildFile; fileRef = 455C0DA81AD65BB00060C4DF /* Plackmark.m */; };
		455C0DAC1AD65BE20060C4DF /* Plackmark+Create.m in Sources */ = {isa = PBXBuildFile; fileRef = 455C0DAB1AD65BE20060C4DF /* Plackmark+Create.m */; };
		456664A81ADA48F500808312 /* Naughty Cartoons.ttf in Resources */ = {isa = PBXBuildFile; fileRef = 456664A71ADA48F500808312 /* Naughty Cartoons.ttf */; };
		456664B01ADA604A00808312 /* WawaSC-Regular.otf in Resources */ = {isa = PBXBuildFile; fileRef = 456664AF1ADA604A00808312 /* WawaSC-Regular.otf */; };
		456664B31ADCD12600808312 /* UIFont+Extension.m in Sources */ = {isa = PBXBuildFile; fileRef = 456664B21ADCD12600808312 /* UIFont+Extension.m */; };
		4568DB861ABFFA3D0064BBE2 /* UIImage+Extension.m in Sources */ = {isa = PBXBuildFile; fileRef = 4568DB851ABFFA3D0064BBE2 /* UIImage+Extension.m */; };
		456F70081ADE4687000E2B04 /* NSDate+Extension.m in Sources */ = {isa = PBXBuildFile; fileRef = 456F70071ADE4687000E2B04 /* NSDate+Extension.m */; };
		458517A21AC95778003149C3 /* Filter.m in Sources */ = {isa = PBXBuildFile; fileRef = 4585179F1AC95778003149C3 /* Filter.m */; };
		458517A31AC95778003149C3 /* FilterTableViewController.m in Sources */ = {isa = PBXBuildFile; fileRef = 458517A11AC95778003149C3 /* FilterTableViewController.m */; };
		45895D821AC1217C0009E749 /* ClusterMapCDTVC.m in Sources */ = {isa = PBXBuildFile; fileRef = 45895D811AC1217C0009E749 /* ClusterMapCDTVC.m */; };
		458C77541AD4E1670088BA86 /* CustomPresentAnimationController.m in Sources */ = {isa = PBXBuildFile; fileRef = 458C77531AD4E1670088BA86 /* CustomPresentAnimationController.m */; };
		458C77571AD4FD2B0088BA86 /* CustomDismissAnimationController.m in Sources */ = {isa = PBXBuildFile; fileRef = 458C77561AD4FD2B0088BA86 /* CustomDismissAnimationController.m */; };
		459A8FB71AD7943D00685124 /* PlacemarkCDTVC.m in Sources */ = {isa = PBXBuildFile; fileRef = 459A8FB61AD7943D00685124 /* PlacemarkCDTVC.m */; };
		459CDE1E1ACD5C2100A6B0E2 /* Kind.m in Sources */ = {isa = PBXBuildFile; fileRef = 459CDE1D1ACD5C2100A6B0E2 /* Kind.m */; };
		459CDE231ACE5E6900A6B0E2 /* LaunchScreen.xib in Resources */ = {isa = PBXBuildFile; fileRef = 459CDE221ACE5E6900A6B0E2 /* LaunchScreen.xib */; };
		45C076FB1AE3DEC9001F9B44 /* ManageKindCDTVC.m in Sources */ = {isa = PBXBuildFile; fileRef = 45C076FA1AE3DEC9001F9B44 /* ManageKindCDTVC.m */; };
		45ECF3951AC5227500D0CACB /* BillDetailCVC+UIDatePicker.m in Sources */ = {isa = PBXBuildFile; fileRef = 45ECF3941AC5227500D0CACB /* BillDetailCVC+UIDatePicker.m */; };
		45ECF3981AC52FD200D0CACB /* BillDetailCVC+UIPickerView.m in Sources */ = {isa = PBXBuildFile; fileRef = 45ECF3971AC52FD200D0CACB /* BillDetailCVC+UIPickerView.m */; };
		45ECF3A11AC5358400D0CACB /* BillDetailCVC+UITextField.m in Sources */ = {isa = PBXBuildFile; fileRef = 45ECF3A01AC5358400D0CACB /* BillDetailCVC+UITextField.m */; };
		45ECF3A71AC537F400D0CACB /* BillDetailCVC+Extension.m in Sources */ = {isa = PBXBuildFile; fileRef = 45ECF3A61AC537F400D0CACB /* BillDetailCVC+Extension.m */; };
		8F0B3811DD8B4AD6A1A72E3F /* libPods.a in Frameworks */ = {isa = PBXBuildFile; fileRef = 50A5F4B0F58449C59A21A605 /* libPods.a */; };
		BD0749671A86660300467648 /* UIButton+Extension.m in Sources */ = {isa = PBXBuildFile; fileRef = BD0749661A86660300467648 /* UIButton+Extension.m */; };
		BD0FDC781A90DFF200679961 /* Media.xcassets in Resources */ = {isa = PBXBuildFile; fileRef = BD0FDC771A90DFF200679961 /* Media.xcassets */; };
		BD1BF7D919DB901E00B1379A /* Foundation.framework in Frameworks */ = {isa = PBXBuildFile; fileRef = BD1BF7D819DB901E00B1379A /* Foundation.framework */; };
		BD1BF7DB19DB901E00B1379A /* CoreGraphics.framework in Frameworks */ = {isa = PBXBuildFile; fileRef = BD1BF7DA19DB901E00B1379A /* CoreGraphics.framework */; };
		BD1BF7DD19DB901E00B1379A /* UIKit.framework in Frameworks */ = {isa = PBXBuildFile; fileRef = BD1BF7DC19DB901E00B1379A /* UIKit.framework */; };
		BD1BF7E319DB901E00B1379A /* InfoPlist.strings in Resources */ = {isa = PBXBuildFile; fileRef = BD1BF7E119DB901E00B1379A /* InfoPlist.strings */; };
		BD1BF7E519DB901E00B1379A /* main.m in Sources */ = {isa = PBXBuildFile; fileRef = BD1BF7E419DB901E00B1379A /* main.m */; };
		BD1BF7E919DB901E00B1379A /* AppDelegate.m in Sources */ = {isa = PBXBuildFile; fileRef = BD1BF7E819DB901E00B1379A /* AppDelegate.m */; };
		BD1BF7EC19DB901E00B1379A /* Main.storyboard in Resources */ = {isa = PBXBuildFile; fileRef = BD1BF7EA19DB901E00B1379A /* Main.storyboard */; };
		BD1BF7EF19DB901E00B1379A /* HomeViewController.m in Sources */ = {isa = PBXBuildFile; fileRef = BD1BF7EE19DB901E00B1379A /* HomeViewController.m */; };
		BD1BF7F819DB901E00B1379A /* XCTest.framework in Frameworks */ = {isa = PBXBuildFile; fileRef = BD1BF7F719DB901E00B1379A /* XCTest.framework */; };
		BD1BF7F919DB901E00B1379A /* Foundation.framework in Frameworks */ = {isa = PBXBuildFile; fileRef = BD1BF7D819DB901E00B1379A /* Foundation.framework */; };
		BD1BF7FA19DB901E00B1379A /* UIKit.framework in Frameworks */ = {isa = PBXBuildFile; fileRef = BD1BF7DC19DB901E00B1379A /* UIKit.framework */; };
		BD1BF80219DB901E00B1379A /* InfoPlist.strings in Resources */ = {isa = PBXBuildFile; fileRef = BD1BF80019DB901E00B1379A /* InfoPlist.strings */; };
		BD1BF80419DB901E00B1379A /* EasyBillsTests.m in Sources */ = {isa = PBXBuildFile; fileRef = BD1BF80319DB901E00B1379A /* EasyBillsTests.m */; };
		BD1BF83119DB927300B1379A /* Bill+Create.m in Sources */ = {isa = PBXBuildFile; fileRef = BD1BF81119DB927300B1379A /* Bill+Create.m */; };
		BD1BF83219DB927300B1379A /* BillCDTVC.m in Sources */ = {isa = PBXBuildFile; fileRef = BD1BF81319DB927300B1379A /* BillCDTVC.m */; };
		BD1BF83419DB927300B1379A /* ChartDate.m in Sources */ = {isa = PBXBuildFile; fileRef = BD1BF81719DB927300B1379A /* ChartDate.m */; };
		BD1BF83519DB927300B1379A /* CoreDataTableViewController.m in Sources */ = {isa = PBXBuildFile; fileRef = BD1BF81919DB927300B1379A /* CoreDataTableViewController.m */; };
		BD1BF83B19DB927300B1379A /* Kind+Create.m in Sources */ = {isa = PBXBuildFile; fileRef = BD1BF82519DB927300B1379A /* Kind+Create.m */; };
		BD1BF83D19DB927300B1379A /* Model.xcdatamodeld in Sources */ = {isa = PBXBuildFile; fileRef = BD1BF82819DB927300B1379A /* Model.xcdatamodeld */; };
		BD1BF83F19DB927300B1379A /* PubicVariable.m in Sources */ = {isa = PBXBuildFile; fileRef = BD1BF82D19DB927300B1379A /* PubicVariable.m */; };
		BD1BF84019DB927300B1379A /* PubicVariable+FetchRequest.m in Sources */ = {isa = PBXBuildFile; fileRef = BD1BF82F19DB927300B1379A /* PubicVariable+FetchRequest.m */; };
		BD1BF84519DB961800B1379A /* CoreData.framework in Frameworks */ = {isa = PBXBuildFile; fileRef = BD1BF84419DB961800B1379A /* CoreData.framework */; };
		BD3342A21A4DB07F00BC163C /* ColorPickerCollectionViewController.m in Sources */ = {isa = PBXBuildFile; fileRef = BD3342A11A4DB07F00BC163C /* ColorPickerCollectionViewController.m */; };
		BD571E181A82633A0040CCF4 /* ColorCVCell.m in Sources */ = {isa = PBXBuildFile; fileRef = BD571E171A82633A0040CCF4 /* ColorCVCell.m */; };
		BD58BDA01AA8984300CE2D08 /* ColorTransformer.m in Sources */ = {isa = PBXBuildFile; fileRef = BD58BD9F1AA8984300CE2D08 /* ColorTransformer.m */; };
		BD58BDB71AA8A5B000CE2D08 /* ColorCenter.m in Sources */ = {isa = PBXBuildFile; fileRef = BD58BDB61AA8A5B000CE2D08 /* ColorCenter.m */; };
		BD6FC8501AA0B7730059AC20 /* KindDetailCVC.m in Sources */ = {isa = PBXBuildFile; fileRef = BD6FC84F1AA0B7730059AC20 /* KindDetailCVC.m */; };
		BD7348841A99842B00692EE4 /* UINavigationController+Style.m in Sources */ = {isa = PBXBuildFile; fileRef = BD7348831A99842B00692EE4 /* UINavigationController+Style.m */; };
		BD7348951A9995B700692EE4 /* UIViewController+Extension.m in Sources */ = {isa = PBXBuildFile; fileRef = BD7348941A9995B700692EE4 /* UIViewController+Extension.m */; };
		BD81A3ED1A99D78500C2CBE6 /* BillTVCell.m in Sources */ = {isa = PBXBuildFile; fileRef = BD81A3EC1A99D78500C2CBE6 /* BillTVCell.m */; };
		BDA397841A3BE9E400E1D9F7 /* DefaultStyleController.m in Sources */ = {isa = PBXBuildFile; fileRef = BDA397831A3BE9E400E1D9F7 /* DefaultStyleController.m */; };
		BDA5A34C19FA787A006D2E69 /* MapCDTVC.m in Sources */ = {isa = PBXBuildFile; fileRef = BDA5A34B19FA787A006D2E69 /* MapCDTVC.m */; };
		BDA956391A10F13F00E55A9D /* BillDetailCVC.m in Sources */ = {isa = PBXBuildFile; fileRef = BDA956381A10F13F00E55A9D /* BillDetailCVC.m */; };
		BDABBCC91A03C4EE0029D7D1 /* CoreDataMapViewController.m in Sources */ = {isa = PBXBuildFile; fileRef = BDABBCC81A03C4EE0029D7D1 /* CoreDataMapViewController.m */; };
		BDB056BA19E3A1D000494080 /* SettingTVC.m in Sources */ = {isa = PBXBuildFile; fileRef = BDB056B919E3A1D000494080 /* SettingTVC.m */; };
		BDB073DC19FBD9780062462F /* Bill+MKAnnotation.m in Sources */ = {isa = PBXBuildFile; fileRef = BDB073DB19FBD9780062462F /* Bill+MKAnnotation.m */; };
		BDB073DE19FBDFA60062462F /* CoreLocation.framework in Frameworks */ = {isa = PBXBuildFile; fileRef = BDB073DD19FBDFA60062462F /* CoreLocation.framework */; };
		BDB32C9C1A22421C00EA822E /* SidebarViewController.m in Sources */ = {isa = PBXBuildFile; fileRef = BDB32C9B1A22421C00EA822E /* SidebarViewController.m */; };
		BDB39FD919E814BF0022E5C4 /* KindCDTVC.m in Sources */ = {isa = PBXBuildFile; fileRef = BDB39FD819E814BF0022E5C4 /* KindCDTVC.m */; };
/* End PBXBuildFile section */

/* Begin PBXContainerItemProxy section */
		BD1BF7FB19DB901E00B1379A /* PBXContainerItemProxy */ = {
			isa = PBXContainerItemProxy;
			containerPortal = BD1BF7CD19DB901E00B1379A /* Project object */;
			proxyType = 1;
			remoteGlobalIDString = BD1BF7D419DB901E00B1379A;
			remoteInfo = EasyBills;
		};
/* End PBXContainerItemProxy section */

/* Begin PBXFileReference section */
		0CA564406E4C247DAE42E147 /* Pods.debug.xcconfig */ = {isa = PBXFileReference; includeInIndex = 1; lastKnownFileType = text.xcconfig; name = Pods.debug.xcconfig; path = "Pods/Target Support Files/Pods/Pods.debug.xcconfig"; sourceTree = "<group>"; };
		4508D5FF1AC2961F007CA44A /* ToolBarCMCDTVC.h */ = {isa = PBXFileReference; fileEncoding = 4; lastKnownFileType = sourcecode.c.h; path = ToolBarCMCDTVC.h; sourceTree = "<group>"; };
		4508D6001AC2961F007CA44A /* ToolBarCMCDTVC.m */ = {isa = PBXFileReference; fileEncoding = 4; lastKnownFileType = sourcecode.c.objc; path = ToolBarCMCDTVC.m; sourceTree = "<group>"; };
		4508D64C1AC3EDF5007CA44A /* CursorButton.h */ = {isa = PBXFileReference; fileEncoding = 4; lastKnownFileType = sourcecode.c.h; path = CursorButton.h; sourceTree = "<group>"; };
		4508D64D1AC3EDF5007CA44A /* CursorButton.m */ = {isa = PBXFileReference; fileEncoding = 4; lastKnownFileType = sourcecode.c.objc; path = CursorButton.m; sourceTree = "<group>"; };
		4508D64E1AC3EDF5007CA44A /* Paths.h */ = {isa = PBXFileReference; fileEncoding = 4; lastKnownFileType = sourcecode.c.h; path = Paths.h; sourceTree = "<group>"; };
		4508D64F1AC3EDF5007CA44A /* Paths.m */ = {isa = PBXFileReference; fileEncoding = 4; lastKnownFileType = sourcecode.c.objc; path = Paths.m; sourceTree = "<group>"; };
		4508D6531AC3EE10007CA44A /* CGPath+Extension.h */ = {isa = PBXFileReference; fileEncoding = 4; lastKnownFileType = sourcecode.c.h; path = "CGPath+Extension.h"; sourceTree = "<group>"; };
		4508D6541AC3EE10007CA44A /* CGPath+Extension.m */ = {isa = PBXFileReference; fileEncoding = 4; lastKnownFileType = sourcecode.c.objc; path = "CGPath+Extension.m"; sourceTree = "<group>"; };
		4508D6561AC3F283007CA44A /* EasyBillsCursorButton.h */ = {isa = PBXFileReference; fileEncoding = 4; lastKnownFileType = sourcecode.c.h; path = EasyBillsCursorButton.h; sourceTree = "<group>"; };
		4508D6571AC3F283007CA44A /* EasyBillsCursorButton.m */ = {isa = PBXFileReference; fileEncoding = 4; lastKnownFileType = sourcecode.c.objc; path = EasyBillsCursorButton.m; sourceTree = "<group>"; };
		4508D6591AC40CF8007CA44A /* BillDetailCVC+CLLocation.h */ = {isa = PBXFileReference; fileEncoding = 4; lastKnownFileType = sourcecode.c.h; path = "BillDetailCVC+CLLocation.h"; sourceTree = "<group>"; };
		4508D65A1AC40CF8007CA44A /* BillDetailCVC+CLLocation.m */ = {isa = PBXFileReference; fileEncoding = 4; lastKnownFileType = sourcecode.c.objc; path = "BillDetailCVC+CLLocation.m"; sourceTree = "<group>"; };
		4508D65C1AC41327007CA44A /* BillDetailCVC+MKMapView.h */ = {isa = PBXFileReference; fileEncoding = 4; lastKnownFileType = sourcecode.c.h; path = "BillDetailCVC+MKMapView.h"; sourceTree = "<group>"; };
		4508D65D1AC41327007CA44A /* BillDetailCVC+MKMapView.m */ = {isa = PBXFileReference; fileEncoding = 4; lastKnownFileType = sourcecode.c.objc; path = "BillDetailCVC+MKMapView.m"; sourceTree = "<group>"; };
		4508D65F1AC41642007CA44A /* BillDetailCVC+UIActionSheet.h */ = {isa = PBXFileReference; fileEncoding = 4; lastKnownFileType = sourcecode.c.h; path = "BillDetailCVC+UIActionSheet.h"; sourceTree = "<group>"; };
		4508D6601AC41642007CA44A /* BillDetailCVC+UIActionSheet.m */ = {isa = PBXFileReference; fileEncoding = 4; lastKnownFileType = sourcecode.c.objc; path = "BillDetailCVC+UIActionSheet.m"; sourceTree = "<group>"; };
		4508D6681AC41909007CA44A /* BillDetailCVC+SetUp.h */ = {isa = PBXFileReference; fileEncoding = 4; lastKnownFileType = sourcecode.c.h; path = "BillDetailCVC+SetUp.h"; sourceTree = "<group>"; };
		4508D6691AC41909007CA44A /* BillDetailCVC+SetUp.m */ = {isa = PBXFileReference; fileEncoding = 4; lastKnownFileType = sourcecode.c.objc; path = "BillDetailCVC+SetUp.m"; sourceTree = "<group>"; };
		4508D66B1AC41E60007CA44A /* BillDetailCVC+Observer.h */ = {isa = PBXFileReference; fileEncoding = 4; lastKnownFileType = sourcecode.c.h; path = "BillDetailCVC+Observer.h"; sourceTree = "<group>"; };
		4508D66C1AC41E60007CA44A /* BillDetailCVC+Observer.m */ = {isa = PBXFileReference; fileEncoding = 4; lastKnownFileType = sourcecode.c.objc; path = "BillDetailCVC+Observer.m"; sourceTree = "<group>"; };
		455C0D9D1AD64A080060C4DF /* LoadingStatus.h */ = {isa = PBXFileReference; fileEncoding = 4; lastKnownFileType = sourcecode.c.h; name = LoadingStatus.h; path = ../LoadingStatus.h; sourceTree = "<group>"; };
		455C0D9E1AD64A080060C4DF /* LoadingStatus.m */ = {isa = PBXFileReference; fileEncoding = 4; lastKnownFileType = sourcecode.c.objc; name = LoadingStatus.m; path = ../LoadingStatus.m; sourceTree = "<group>"; };
		455C0DA11AD650150060C4DF /* NSString+Extension.h */ = {isa = PBXFileReference; fileEncoding = 4; lastKnownFileType = sourcecode.c.h; path = "NSString+Extension.h"; sourceTree = "<group>"; };
		455C0DA21AD650150060C4DF /* NSString+Extension.m */ = {isa = PBXFileReference; fileEncoding = 4; lastKnownFileType = sourcecode.c.objc; path = "NSString+Extension.m"; sourceTree = "<group>"; };
		455C0DA41AD65BAF0060C4DF /* Bill.h */ = {isa = PBXFileReference; fileEncoding = 4; lastKnownFileType = sourcecode.c.h; name = Bill.h; path = ../Bill.h; sourceTree = "<group>"; };
		455C0DA51AD65BAF0060C4DF /* Bill.m */ = {isa = PBXFileReference; fileEncoding = 4; lastKnownFileType = sourcecode.c.objc; name = Bill.m; path = ../Bill.m; sourceTree = "<group>"; };
		455C0DA71AD65BB00060C4DF /* Plackmark.h */ = {isa = PBXFileReference; fileEncoding = 4; lastKnownFileType = sourcecode.c.h; name = Plackmark.h; path = ../Plackmark.h; sourceTree = "<group>"; };
		455C0DA81AD65BB00060C4DF /* Plackmark.m */ = {isa = PBXFileReference; fileEncoding = 4; lastKnownFileType = sourcecode.c.objc; name = Plackmark.m; path = ../Plackmark.m; sourceTree = "<group>"; };
		455C0DAA1AD65BE20060C4DF /* Plackmark+Create.h */ = {isa = PBXFileReference; fileEncoding = 4; lastKnownFileType = sourcecode.c.h; path = "Plackmark+Create.h"; sourceTree = "<group>"; };
		455C0DAB1AD65BE20060C4DF /* Plackmark+Create.m */ = {isa = PBXFileReference; fileEncoding = 4; lastKnownFileType = sourcecode.c.objc; path = "Plackmark+Create.m"; sourceTree = "<group>"; };
		456664A71ADA48F500808312 /* Naughty Cartoons.ttf */ = {isa = PBXFileReference; lastKnownFileType = file; path = "Naughty Cartoons.ttf"; sourceTree = "<group>"; };
		456664AF1ADA604A00808312 /* WawaSC-Regular.otf */ = {isa = PBXFileReference; lastKnownFileType = file; path = "WawaSC-Regular.otf"; sourceTree = "<group>"; };
		456664B11ADCD12600808312 /* UIFont+Extension.h */ = {isa = PBXFileReference; fileEncoding = 4; lastKnownFileType = sourcecode.c.h; path = "UIFont+Extension.h"; sourceTree = "<group>"; };
		456664B21ADCD12600808312 /* UIFont+Extension.m */ = {isa = PBXFileReference; fileEncoding = 4; lastKnownFileType = sourcecode.c.objc; path = "UIFont+Extension.m"; sourceTree = "<group>"; };
		4568DB841ABFFA3D0064BBE2 /* UIImage+Extension.h */ = {isa = PBXFileReference; fileEncoding = 4; lastKnownFileType = sourcecode.c.h; path = "UIImage+Extension.h"; sourceTree = "<group>"; };
		4568DB851ABFFA3D0064BBE2 /* UIImage+Extension.m */ = {isa = PBXFileReference; fileEncoding = 4; lastKnownFileType = sourcecode.c.objc; path = "UIImage+Extension.m"; sourceTree = "<group>"; };
		456F70061ADE4687000E2B04 /* NSDate+Extension.h */ = {isa = PBXFileReference; fileEncoding = 4; lastKnownFileType = sourcecode.c.h; path = "NSDate+Extension.h"; sourceTree = "<group>"; };
		456F70071ADE4687000E2B04 /* NSDate+Extension.m */ = {isa = PBXFileReference; fileEncoding = 4; lastKnownFileType = sourcecode.c.objc; path = "NSDate+Extension.m"; sourceTree = "<group>"; };
		4585179E1AC95778003149C3 /* Filter.h */ = {isa = PBXFileReference; fileEncoding = 4; lastKnownFileType = sourcecode.c.h; name = Filter.h; path = ../Filter.h; sourceTree = "<group>"; };
		4585179F1AC95778003149C3 /* Filter.m */ = {isa = PBXFileReference; fileEncoding = 4; lastKnownFileType = sourcecode.c.objc; name = Filter.m; path = ../Filter.m; sourceTree = "<group>"; };
		458517A01AC95778003149C3 /* FilterTableViewController.h */ = {isa = PBXFileReference; fileEncoding = 4; lastKnownFileType = sourcecode.c.h; name = FilterTableViewController.h; path = ../FilterTableViewController.h; sourceTree = "<group>"; };
		458517A11AC95778003149C3 /* FilterTableViewController.m */ = {isa = PBXFileReference; fileEncoding = 4; lastKnownFileType = sourcecode.c.objc; name = FilterTableViewController.m; path = ../FilterTableViewController.m; sourceTree = "<group>"; };
		45895D801AC1217C0009E749 /* ClusterMapCDTVC.h */ = {isa = PBXFileReference; fileEncoding = 4; lastKnownFileType = sourcecode.c.h; path = ClusterMapCDTVC.h; sourceTree = "<group>"; };
		45895D811AC1217C0009E749 /* ClusterMapCDTVC.m */ = {isa = PBXFileReference; fileEncoding = 4; lastKnownFileType = sourcecode.c.objc; path = ClusterMapCDTVC.m; sourceTree = "<group>"; };
		458C77521AD4E1670088BA86 /* CustomPresentAnimationController.h */ = {isa = PBXFileReference; fileEncoding = 4; lastKnownFileType = sourcecode.c.h; path = CustomPresentAnimationController.h; sourceTree = "<group>"; };
		458C77531AD4E1670088BA86 /* CustomPresentAnimationController.m */ = {isa = PBXFileReference; fileEncoding = 4; lastKnownFileType = sourcecode.c.objc; path = CustomPresentAnimationController.m; sourceTree = "<group>"; };
		458C77551AD4FD2B0088BA86 /* CustomDismissAnimationController.h */ = {isa = PBXFileReference; fileEncoding = 4; lastKnownFileType = sourcecode.c.h; path = CustomDismissAnimationController.h; sourceTree = "<group>"; };
		458C77561AD4FD2B0088BA86 /* CustomDismissAnimationController.m */ = {isa = PBXFileReference; fileEncoding = 4; lastKnownFileType = sourcecode.c.objc; path = CustomDismissAnimationController.m; sourceTree = "<group>"; };
		459A8FB51AD7943D00685124 /* PlacemarkCDTVC.h */ = {isa = PBXFileReference; fileEncoding = 4; lastKnownFileType = sourcecode.c.h; path = PlacemarkCDTVC.h; sourceTree = "<group>"; };
		459A8FB61AD7943D00685124 /* PlacemarkCDTVC.m */ = {isa = PBXFileReference; fileEncoding = 4; lastKnownFileType = sourcecode.c.objc; path = PlacemarkCDTVC.m; sourceTree = "<group>"; };
		459CDE1C1ACD5C2100A6B0E2 /* Kind.h */ = {isa = PBXFileReference; fileEncoding = 4; lastKnownFileType = sourcecode.c.h; path = Kind.h; sourceTree = "<group>"; };
		459CDE1D1ACD5C2100A6B0E2 /* Kind.m */ = {isa = PBXFileReference; fileEncoding = 4; lastKnownFileType = sourcecode.c.objc; path = Kind.m; sourceTree = "<group>"; };
		459CDE221ACE5E6900A6B0E2 /* LaunchScreen.xib */ = {isa = PBXFileReference; fileEncoding = 4; lastKnownFileType = file.xib; path = LaunchScreen.xib; sourceTree = "<group>"; };
		45C076F91AE3DEC9001F9B44 /* ManageKindCDTVC.h */ = {isa = PBXFileReference; fileEncoding = 4; lastKnownFileType = sourcecode.c.h; path = ManageKindCDTVC.h; sourceTree = "<group>"; };
		45C076FA1AE3DEC9001F9B44 /* ManageKindCDTVC.m */ = {isa = PBXFileReference; fileEncoding = 4; lastKnownFileType = sourcecode.c.objc; path = ManageKindCDTVC.m; sourceTree = "<group>"; };
		45ECF3931AC5227500D0CACB /* BillDetailCVC+UIDatePicker.h */ = {isa = PBXFileReference; fileEncoding = 4; lastKnownFileType = sourcecode.c.h; path = "BillDetailCVC+UIDatePicker.h"; sourceTree = "<group>"; };
		45ECF3941AC5227500D0CACB /* BillDetailCVC+UIDatePicker.m */ = {isa = PBXFileReference; fileEncoding = 4; lastKnownFileType = sourcecode.c.objc; path = "BillDetailCVC+UIDatePicker.m"; sourceTree = "<group>"; };
		45ECF3961AC52FD200D0CACB /* BillDetailCVC+UIPickerView.h */ = {isa = PBXFileReference; fileEncoding = 4; lastKnownFileType = sourcecode.c.h; path = "BillDetailCVC+UIPickerView.h"; sourceTree = "<group>"; };
		45ECF3971AC52FD200D0CACB /* BillDetailCVC+UIPickerView.m */ = {isa = PBXFileReference; fileEncoding = 4; lastKnownFileType = sourcecode.c.objc; path = "BillDetailCVC+UIPickerView.m"; sourceTree = "<group>"; };
		45ECF39F1AC5358400D0CACB /* BillDetailCVC+UITextField.h */ = {isa = PBXFileReference; fileEncoding = 4; lastKnownFileType = sourcecode.c.h; path = "BillDetailCVC+UITextField.h"; sourceTree = "<group>"; };
		45ECF3A01AC5358400D0CACB /* BillDetailCVC+UITextField.m */ = {isa = PBXFileReference; fileEncoding = 4; lastKnownFileType = sourcecode.c.objc; path = "BillDetailCVC+UITextField.m"; sourceTree = "<group>"; };
		45ECF3A51AC537F400D0CACB /* BillDetailCVC+Extension.h */ = {isa = PBXFileReference; fileEncoding = 4; lastKnownFileType = sourcecode.c.h; path = "BillDetailCVC+Extension.h"; sourceTree = "<group>"; };
		45ECF3A61AC537F400D0CACB /* BillDetailCVC+Extension.m */ = {isa = PBXFileReference; fileEncoding = 4; lastKnownFileType = sourcecode.c.objc; path = "BillDetailCVC+Extension.m"; sourceTree = "<group>"; };
		50A5F4B0F58449C59A21A605 /* libPods.a */ = {isa = PBXFileReference; explicitFileType = archive.ar; includeInIndex = 0; path = libPods.a; sourceTree = BUILT_PRODUCTS_DIR; };
		BD0749651A86660300467648 /* UIButton+Extension.h */ = {isa = PBXFileReference; fileEncoding = 4; lastKnownFileType = sourcecode.c.h; path = "UIButton+Extension.h"; sourceTree = "<group>"; };
		BD0749661A86660300467648 /* UIButton+Extension.m */ = {isa = PBXFileReference; fileEncoding = 4; lastKnownFileType = sourcecode.c.objc; path = "UIButton+Extension.m"; sourceTree = "<group>"; };
		BD0FDC771A90DFF200679961 /* Media.xcassets */ = {isa = PBXFileReference; lastKnownFileType = folder.assetcatalog; path = Media.xcassets; sourceTree = "<group>"; };
		BD1BF7D519DB901E00B1379A /* EasyBills.app */ = {isa = PBXFileReference; explicitFileType = wrapper.application; includeInIndex = 0; path = EasyBills.app; sourceTree = BUILT_PRODUCTS_DIR; };
		BD1BF7D819DB901E00B1379A /* Foundation.framework */ = {isa = PBXFileReference; lastKnownFileType = wrapper.framework; name = Foundation.framework; path = System/Library/Frameworks/Foundation.framework; sourceTree = SDKROOT; };
		BD1BF7DA19DB901E00B1379A /* CoreGraphics.framework */ = {isa = PBXFileReference; lastKnownFileType = wrapper.framework; name = CoreGraphics.framework; path = System/Library/Frameworks/CoreGraphics.framework; sourceTree = SDKROOT; };
		BD1BF7DC19DB901E00B1379A /* UIKit.framework */ = {isa = PBXFileReference; lastKnownFileType = wrapper.framework; name = UIKit.framework; path = System/Library/Frameworks/UIKit.framework; sourceTree = SDKROOT; };
		BD1BF7E019DB901E00B1379A /* EasyBills-Info.plist */ = {isa = PBXFileReference; lastKnownFileType = text.plist.xml; path = "EasyBills-Info.plist"; sourceTree = "<group>"; };
		BD1BF7E219DB901E00B1379A /* en */ = {isa = PBXFileReference; lastKnownFileType = text.plist.strings; name = en; path = en.lproj/InfoPlist.strings; sourceTree = "<group>"; };
		BD1BF7E419DB901E00B1379A /* main.m */ = {isa = PBXFileReference; lastKnownFileType = sourcecode.c.objc; path = main.m; sourceTree = "<group>"; };
		BD1BF7E619DB901E00B1379A /* EasyBills-Prefix.pch */ = {isa = PBXFileReference; lastKnownFileType = sourcecode.c.h; path = "EasyBills-Prefix.pch"; sourceTree = "<group>"; };
		BD1BF7E719DB901E00B1379A /* AppDelegate.h */ = {isa = PBXFileReference; lastKnownFileType = sourcecode.c.h; path = AppDelegate.h; sourceTree = "<group>"; };
		BD1BF7E819DB901E00B1379A /* AppDelegate.m */ = {isa = PBXFileReference; lastKnownFileType = sourcecode.c.objc; path = AppDelegate.m; sourceTree = "<group>"; };
		BD1BF7EB19DB901E00B1379A /* Base */ = {isa = PBXFileReference; lastKnownFileType = file.storyboard; name = Base; path = Base.lproj/Main.storyboard; sourceTree = "<group>"; };
		BD1BF7ED19DB901E00B1379A /* HomeViewController.h */ = {isa = PBXFileReference; lastKnownFileType = sourcecode.c.h; path = HomeViewController.h; sourceTree = "<group>"; };
		BD1BF7EE19DB901E00B1379A /* HomeViewController.m */ = {isa = PBXFileReference; lastKnownFileType = sourcecode.c.objc; path = HomeViewController.m; sourceTree = "<group>"; };
		BD1BF7F619DB901E00B1379A /* EasyBillsTests.xctest */ = {isa = PBXFileReference; explicitFileType = wrapper.cfbundle; includeInIndex = 0; path = EasyBillsTests.xctest; sourceTree = BUILT_PRODUCTS_DIR; };
		BD1BF7F719DB901E00B1379A /* XCTest.framework */ = {isa = PBXFileReference; lastKnownFileType = wrapper.framework; name = XCTest.framework; path = Library/Frameworks/XCTest.framework; sourceTree = DEVELOPER_DIR; };
		BD1BF7FF19DB901E00B1379A /* EasyBillsTests-Info.plist */ = {isa = PBXFileReference; lastKnownFileType = text.plist.xml; path = "EasyBillsTests-Info.plist"; sourceTree = "<group>"; };
		BD1BF80119DB901E00B1379A /* en */ = {isa = PBXFileReference; lastKnownFileType = text.plist.strings; name = en; path = en.lproj/InfoPlist.strings; sourceTree = "<group>"; };
		BD1BF80319DB901E00B1379A /* EasyBillsTests.m */ = {isa = PBXFileReference; lastKnownFileType = sourcecode.c.objc; path = EasyBillsTests.m; sourceTree = "<group>"; };
		BD1BF80D19DB91B100B1379A /* EasyBills.entitlements */ = {isa = PBXFileReference; lastKnownFileType = text.xml; path = EasyBills.entitlements; sourceTree = "<group>"; };
		BD1BF81019DB927300B1379A /* Bill+Create.h */ = {isa = PBXFileReference; fileEncoding = 4; lastKnownFileType = sourcecode.c.h; path = "Bill+Create.h"; sourceTree = "<group>"; };
		BD1BF81119DB927300B1379A /* Bill+Create.m */ = {isa = PBXFileReference; fileEncoding = 4; lastKnownFileType = sourcecode.c.objc; path = "Bill+Create.m"; sourceTree = "<group>"; };
		BD1BF81219DB927300B1379A /* BillCDTVC.h */ = {isa = PBXFileReference; fileEncoding = 4; lastKnownFileType = sourcecode.c.h; path = BillCDTVC.h; sourceTree = "<group>"; };
		BD1BF81319DB927300B1379A /* BillCDTVC.m */ = {isa = PBXFileReference; fileEncoding = 4; lastKnownFileType = sourcecode.c.objc; path = BillCDTVC.m; sourceTree = "<group>"; };
		BD1BF81619DB927300B1379A /* ChartDate.h */ = {isa = PBXFileReference; fileEncoding = 4; lastKnownFileType = sourcecode.c.h; path = ChartDate.h; sourceTree = "<group>"; };
		BD1BF81719DB927300B1379A /* ChartDate.m */ = {isa = PBXFileReference; fileEncoding = 4; lastKnownFileType = sourcecode.c.objc; path = ChartDate.m; sourceTree = "<group>"; };
		BD1BF81819DB927300B1379A /* CoreDataTableViewController.h */ = {isa = PBXFileReference; fileEncoding = 4; lastKnownFileType = sourcecode.c.h; path = CoreDataTableViewController.h; sourceTree = "<group>"; };
		BD1BF81919DB927300B1379A /* CoreDataTableViewController.m */ = {isa = PBXFileReference; fileEncoding = 4; lastKnownFileType = sourcecode.c.objc; path = CoreDataTableViewController.m; sourceTree = "<group>"; };
		BD1BF82419DB927300B1379A /* Kind+Create.h */ = {isa = PBXFileReference; fileEncoding = 4; lastKnownFileType = sourcecode.c.h; path = "Kind+Create.h"; sourceTree = "<group>"; };
		BD1BF82519DB927300B1379A /* Kind+Create.m */ = {isa = PBXFileReference; fileEncoding = 4; lastKnownFileType = sourcecode.c.objc; path = "Kind+Create.m"; sourceTree = "<group>"; };
		BD1BF82919DB927300B1379A /* Model.xcdatamodel */ = {isa = PBXFileReference; lastKnownFileType = wrapper.xcdatamodel; path = Model.xcdatamodel; sourceTree = "<group>"; };
		BD1BF82C19DB927300B1379A /* PubicVariable.h */ = {isa = PBXFileReference; fileEncoding = 4; lastKnownFileType = sourcecode.c.h; path = PubicVariable.h; sourceTree = "<group>"; };
		BD1BF82D19DB927300B1379A /* PubicVariable.m */ = {isa = PBXFileReference; fileEncoding = 4; lastKnownFileType = sourcecode.c.objc; path = PubicVariable.m; sourceTree = "<group>"; };
		BD1BF82E19DB927300B1379A /* PubicVariable+FetchRequest.h */ = {isa = PBXFileReference; fileEncoding = 4; lastKnownFileType = sourcecode.c.h; path = "PubicVariable+FetchRequest.h"; sourceTree = "<group>"; };
		BD1BF82F19DB927300B1379A /* PubicVariable+FetchRequest.m */ = {isa = PBXFileReference; fileEncoding = 4; lastKnownFileType = sourcecode.c.objc; path = "PubicVariable+FetchRequest.m"; sourceTree = "<group>"; };
		BD1BF84419DB961800B1379A /* CoreData.framework */ = {isa = PBXFileReference; lastKnownFileType = wrapper.framework; name = CoreData.framework; path = System/Library/Frameworks/CoreData.framework; sourceTree = SDKROOT; };
		BD3342A01A4DB07F00BC163C /* ColorPickerCollectionViewController.h */ = {isa = PBXFileReference; fileEncoding = 4; lastKnownFileType = sourcecode.c.h; path = ColorPickerCollectionViewController.h; sourceTree = "<group>"; };
		BD3342A11A4DB07F00BC163C /* ColorPickerCollectionViewController.m */ = {isa = PBXFileReference; fileEncoding = 4; lastKnownFileType = sourcecode.c.objc; path = ColorPickerCollectionViewController.m; sourceTree = "<group>"; };
		BD571E161A82633A0040CCF4 /* ColorCVCell.h */ = {isa = PBXFileReference; fileEncoding = 4; lastKnownFileType = sourcecode.c.h; path = ColorCVCell.h; sourceTree = "<group>"; };
		BD571E171A82633A0040CCF4 /* ColorCVCell.m */ = {isa = PBXFileReference; fileEncoding = 4; lastKnownFileType = sourcecode.c.objc; path = ColorCVCell.m; sourceTree = "<group>"; };
		BD58BD9E1AA8984300CE2D08 /* ColorTransformer.h */ = {isa = PBXFileReference; fileEncoding = 4; lastKnownFileType = sourcecode.c.h; path = ColorTransformer.h; sourceTree = "<group>"; };
		BD58BD9F1AA8984300CE2D08 /* ColorTransformer.m */ = {isa = PBXFileReference; fileEncoding = 4; lastKnownFileType = sourcecode.c.objc; path = ColorTransformer.m; sourceTree = "<group>"; };
		BD58BDB51AA8A5B000CE2D08 /* ColorCenter.h */ = {isa = PBXFileReference; fileEncoding = 4; lastKnownFileType = sourcecode.c.h; path = ColorCenter.h; sourceTree = "<group>"; };
		BD58BDB61AA8A5B000CE2D08 /* ColorCenter.m */ = {isa = PBXFileReference; fileEncoding = 4; lastKnownFileType = sourcecode.c.objc; path = ColorCenter.m; sourceTree = "<group>"; };
		BD6FC84E1AA0B7730059AC20 /* KindDetailCVC.h */ = {isa = PBXFileReference; fileEncoding = 4; lastKnownFileType = sourcecode.c.h; path = KindDetailCVC.h; sourceTree = "<group>"; };
		BD6FC84F1AA0B7730059AC20 /* KindDetailCVC.m */ = {isa = PBXFileReference; fileEncoding = 4; lastKnownFileType = sourcecode.c.objc; path = KindDetailCVC.m; sourceTree = "<group>"; };
		BD7348821A99842B00692EE4 /* UINavigationController+Style.h */ = {isa = PBXFileReference; fileEncoding = 4; lastKnownFileType = sourcecode.c.h; path = "UINavigationController+Style.h"; sourceTree = "<group>"; };
		BD7348831A99842B00692EE4 /* UINavigationController+Style.m */ = {isa = PBXFileReference; fileEncoding = 4; lastKnownFileType = sourcecode.c.objc; path = "UINavigationController+Style.m"; sourceTree = "<group>"; };
		BD7348931A9995B600692EE4 /* UIViewController+Extension.h */ = {isa = PBXFileReference; fileEncoding = 4; lastKnownFileType = sourcecode.c.h; path = "UIViewController+Extension.h"; sourceTree = "<group>"; };
		BD7348941A9995B700692EE4 /* UIViewController+Extension.m */ = {isa = PBXFileReference; fileEncoding = 4; lastKnownFileType = sourcecode.c.objc; path = "UIViewController+Extension.m"; sourceTree = "<group>"; };
		BD81A3EB1A99D78500C2CBE6 /* BillTVCell.h */ = {isa = PBXFileReference; fileEncoding = 4; lastKnownFileType = sourcecode.c.h; path = BillTVCell.h; sourceTree = "<group>"; };
		BD81A3EC1A99D78500C2CBE6 /* BillTVCell.m */ = {isa = PBXFileReference; fileEncoding = 4; lastKnownFileType = sourcecode.c.objc; path = BillTVCell.m; sourceTree = "<group>"; };
		BDA397821A3BE9E400E1D9F7 /* DefaultStyleController.h */ = {isa = PBXFileReference; fileEncoding = 4; lastKnownFileType = sourcecode.c.h; path = DefaultStyleController.h; sourceTree = "<group>"; };
		BDA397831A3BE9E400E1D9F7 /* DefaultStyleController.m */ = {isa = PBXFileReference; fileEncoding = 4; lastKnownFileType = sourcecode.c.objc; path = DefaultStyleController.m; sourceTree = "<group>"; };
		BDA5A34A19FA787A006D2E69 /* MapCDTVC.h */ = {isa = PBXFileReference; fileEncoding = 4; lastKnownFileType = sourcecode.c.h; path = MapCDTVC.h; sourceTree = "<group>"; };
		BDA5A34B19FA787A006D2E69 /* MapCDTVC.m */ = {isa = PBXFileReference; fileEncoding = 4; lastKnownFileType = sourcecode.c.objc; path = MapCDTVC.m; sourceTree = "<group>"; };
		BDA956371A10F13F00E55A9D /* BillDetailCVC.h */ = {isa = PBXFileReference; fileEncoding = 4; lastKnownFileType = sourcecode.c.h; path = BillDetailCVC.h; sourceTree = "<group>"; };
		BDA956381A10F13F00E55A9D /* BillDetailCVC.m */ = {isa = PBXFileReference; fileEncoding = 4; lastKnownFileType = sourcecode.c.objc; path = BillDetailCVC.m; sourceTree = "<group>"; };
		BDABBCC71A03C4EE0029D7D1 /* CoreDataMapViewController.h */ = {isa = PBXFileReference; fileEncoding = 4; lastKnownFileType = sourcecode.c.h; path = CoreDataMapViewController.h; sourceTree = "<group>"; };
		BDABBCC81A03C4EE0029D7D1 /* CoreDataMapViewController.m */ = {isa = PBXFileReference; fileEncoding = 4; lastKnownFileType = sourcecode.c.objc; path = CoreDataMapViewController.m; sourceTree = "<group>"; };
		BDB056B819E3A1D000494080 /* SettingTVC.h */ = {isa = PBXFileReference; fileEncoding = 4; lastKnownFileType = sourcecode.c.h; path = SettingTVC.h; sourceTree = "<group>"; };
		BDB056B919E3A1D000494080 /* SettingTVC.m */ = {isa = PBXFileReference; fileEncoding = 4; lastKnownFileType = sourcecode.c.objc; path = SettingTVC.m; sourceTree = "<group>"; };
		BDB073DA19FBD9780062462F /* Bill+MKAnnotation.h */ = {isa = PBXFileReference; fileEncoding = 4; lastKnownFileType = sourcecode.c.h; path = "Bill+MKAnnotation.h"; sourceTree = "<group>"; };
		BDB073DB19FBD9780062462F /* Bill+MKAnnotation.m */ = {isa = PBXFileReference; fileEncoding = 4; lastKnownFileType = sourcecode.c.objc; path = "Bill+MKAnnotation.m"; sourceTree = "<group>"; };
		BDB073DD19FBDFA60062462F /* CoreLocation.framework */ = {isa = PBXFileReference; lastKnownFileType = wrapper.framework; name = CoreLocation.framework; path = System/Library/Frameworks/CoreLocation.framework; sourceTree = SDKROOT; };
		BDB32C9A1A22421C00EA822E /* SidebarViewController.h */ = {isa = PBXFileReference; fileEncoding = 4; lastKnownFileType = sourcecode.c.h; path = SidebarViewController.h; sourceTree = "<group>"; };
		BDB32C9B1A22421C00EA822E /* SidebarViewController.m */ = {isa = PBXFileReference; fileEncoding = 4; lastKnownFileType = sourcecode.c.objc; path = SidebarViewController.m; sourceTree = "<group>"; };
		BDB39FD719E814BF0022E5C4 /* KindCDTVC.h */ = {isa = PBXFileReference; fileEncoding = 4; lastKnownFileType = sourcecode.c.h; path = KindCDTVC.h; sourceTree = "<group>"; };
		BDB39FD819E814BF0022E5C4 /* KindCDTVC.m */ = {isa = PBXFileReference; fileEncoding = 4; lastKnownFileType = sourcecode.c.objc; path = KindCDTVC.m; sourceTree = "<group>"; };
		E98E799CB54E5AE173A1F075 /* Pods.release.xcconfig */ = {isa = PBXFileReference; includeInIndex = 1; lastKnownFileType = text.xcconfig; name = Pods.release.xcconfig; path = "Pods/Target Support Files/Pods/Pods.release.xcconfig"; sourceTree = "<group>"; };
/* End PBXFileReference section */

/* Begin PBXFrameworksBuildPhase section */
		BD1BF7D219DB901E00B1379A /* Frameworks */ = {
			isa = PBXFrameworksBuildPhase;
			buildActionMask = 2147483647;
			files = (
				BDB073DE19FBDFA60062462F /* CoreLocation.framework in Frameworks */,
				BD1BF84519DB961800B1379A /* CoreData.framework in Frameworks */,
				BD1BF7DB19DB901E00B1379A /* CoreGraphics.framework in Frameworks */,
				BD1BF7DD19DB901E00B1379A /* UIKit.framework in Frameworks */,
				BD1BF7D919DB901E00B1379A /* Foundation.framework in Frameworks */,
				8F0B3811DD8B4AD6A1A72E3F /* libPods.a in Frameworks */,
			);
			runOnlyForDeploymentPostprocessing = 0;
		};
		BD1BF7F319DB901E00B1379A /* Frameworks */ = {
			isa = PBXFrameworksBuildPhase;
			buildActionMask = 2147483647;
			files = (
				BD1BF7F819DB901E00B1379A /* XCTest.framework in Frameworks */,
				BD1BF7FA19DB901E00B1379A /* UIKit.framework in Frameworks */,
				BD1BF7F919DB901E00B1379A /* Foundation.framework in Frameworks */,
			);
			runOnlyForDeploymentPostprocessing = 0;
		};
/* End PBXFrameworksBuildPhase section */

/* Begin PBXGroup section */
		05F9B664C80F658388E5B564 /* Pods */ = {
			isa = PBXGroup;
			children = (
				0CA564406E4C247DAE42E147 /* Pods.debug.xcconfig */,
				E98E799CB54E5AE173A1F075 /* Pods.release.xcconfig */,
			);
			name = Pods;
			sourceTree = "<group>";
		};
		4508D6521AC3EE05007CA44A /* CursorButton */ = {
			isa = PBXGroup;
			children = (
				4508D6561AC3F283007CA44A /* EasyBillsCursorButton.h */,
				4508D6571AC3F283007CA44A /* EasyBillsCursorButton.m */,
				4508D64C1AC3EDF5007CA44A /* CursorButton.h */,
				4508D64D1AC3EDF5007CA44A /* CursorButton.m */,
				4508D64E1AC3EDF5007CA44A /* Paths.h */,
				4508D64F1AC3EDF5007CA44A /* Paths.m */,
				4508D6531AC3EE10007CA44A /* CGPath+Extension.h */,
				4508D6541AC3EE10007CA44A /* CGPath+Extension.m */,
			);
			name = CursorButton;
			sourceTree = "<group>";
		};
		455C0DA01AD64E660060C4DF /* CustomAnimationController.h */ = {
			isa = PBXGroup;
			children = (
				458C77521AD4E1670088BA86 /* CustomPresentAnimationController.h */,
				458C77531AD4E1670088BA86 /* CustomPresentAnimationController.m */,
				458C77551AD4FD2B0088BA86 /* CustomDismissAnimationController.h */,
				458C77561AD4FD2B0088BA86 /* CustomDismissAnimationController.m */,
			);
			name = CustomAnimationController.h;
			path = ..;
			sourceTree = "<group>";
		};
		455C0DAD1AD65BF10060C4DF /* Plackmark+ */ = {
			isa = PBXGroup;
			children = (
				455C0DAA1AD65BE20060C4DF /* Plackmark+Create.h */,
				455C0DAB1AD65BE20060C4DF /* Plackmark+Create.m */,
			);
			name = "Plackmark+";
			sourceTree = "<group>";
		};
		4566649E1ADA439D00808312 /* CustomFonts */ = {
			isa = PBXGroup;
			children = (
				456664AF1ADA604A00808312 /* WawaSC-Regular.otf */,
				456664A71ADA48F500808312 /* Naughty Cartoons.ttf */,
			);
			name = CustomFonts;
			sourceTree = "<group>";
		};
		458517A41AC95C7B003149C3 /* PopverSegue */ = {
			isa = PBXGroup;
			children = (
				458517A01AC95778003149C3 /* FilterTableViewController.h */,
				458517A11AC95778003149C3 /* FilterTableViewController.m */,
			);
			name = PopverSegue;
			sourceTree = "<group>";
		};
		458517A51AC95CA0003149C3 /* Filter */ = {
			isa = PBXGroup;
			children = (
				4585179E1AC95778003149C3 /* Filter.h */,
				4585179F1AC95778003149C3 /* Filter.m */,
			);
			name = Filter;
			sourceTree = "<group>";
		};
		459A8FB11AD792CB00685124 /* PopverSegue */ = {
			isa = PBXGroup;
			children = (
				459A8FB51AD7943D00685124 /* PlacemarkCDTVC.h */,
				459A8FB61AD7943D00685124 /* PlacemarkCDTVC.m */,
			);
			name = PopverSegue;
			sourceTree = "<group>";
		};
		BD1BF7CC19DB901E00B1379A = {
			isa = PBXGroup;
			children = (
				BD0FDC771A90DFF200679961 /* Media.xcassets */,
				BD1BF7DE19DB901E00B1379A /* EasyBills */,
				BD1BF7FD19DB901E00B1379A /* EasyBillsTests */,
				BD1BF7D719DB901E00B1379A /* Frameworks */,
				BD1BF7D619DB901E00B1379A /* Products */,
				05F9B664C80F658388E5B564 /* Pods */,
			);
			sourceTree = "<group>";
			usesTabs = 0;
		};
		BD1BF7D619DB901E00B1379A /* Products */ = {
			isa = PBXGroup;
			children = (
				BD1BF7D519DB901E00B1379A /* EasyBills.app */,
				BD1BF7F619DB901E00B1379A /* EasyBillsTests.xctest */,
			);
			name = Products;
			sourceTree = "<group>";
		};
		BD1BF7D719DB901E00B1379A /* Frameworks */ = {
			isa = PBXGroup;
			children = (
				BDB073DD19FBDFA60062462F /* CoreLocation.framework */,
				BD1BF84419DB961800B1379A /* CoreData.framework */,
				BD1BF7D819DB901E00B1379A /* Foundation.framework */,
				BD1BF7DA19DB901E00B1379A /* CoreGraphics.framework */,
				BD1BF7DC19DB901E00B1379A /* UIKit.framework */,
				BD1BF7F719DB901E00B1379A /* XCTest.framework */,
				50A5F4B0F58449C59A21A605 /* libPods.a */,
			);
			name = Frameworks;
			sourceTree = "<group>";
		};
		BD1BF7DE19DB901E00B1379A /* EasyBills */ = {
			isa = PBXGroup;
			children = (
				BD1BF84A19DB9C8B00B1379A /* Model */,
				BD1BF84C19DB9CFB00B1379A /* View */,
				BD1BF84B19DB9CB000B1379A /* Controller */,
				BD1BF7DF19DB901E00B1379A /* Supporting Files */,
			);
			path = EasyBills;
			sourceTree = "<group>";
		};
		BD1BF7DF19DB901E00B1379A /* Supporting Files */ = {
			isa = PBXGroup;
			children = (
				4508D6521AC3EE05007CA44A /* CursorButton */,
				BD81A3CE1A99CEB800C2CBE6 /* Extension */,
				4566649E1ADA439D00808312 /* CustomFonts */,
				BD1BF80D19DB91B100B1379A /* EasyBills.entitlements */,
				BD1BF7E719DB901E00B1379A /* AppDelegate.h */,
				BD1BF7E819DB901E00B1379A /* AppDelegate.m */,
				459CDE221ACE5E6900A6B0E2 /* LaunchScreen.xib */,
				BD1BF7E019DB901E00B1379A /* EasyBills-Info.plist */,
				BD1BF7E119DB901E00B1379A /* InfoPlist.strings */,
				BD1BF7E419DB901E00B1379A /* main.m */,
				BD1BF7E619DB901E00B1379A /* EasyBills-Prefix.pch */,
			);
			name = "Supporting Files";
			sourceTree = "<group>";
		};
		BD1BF7FD19DB901E00B1379A /* EasyBillsTests */ = {
			isa = PBXGroup;
			children = (
				BD1BF80319DB901E00B1379A /* EasyBillsTests.m */,
				BD1BF7FE19DB901E00B1379A /* Supporting Files */,
			);
			path = EasyBillsTests;
			sourceTree = "<group>";
		};
		BD1BF7FE19DB901E00B1379A /* Supporting Files */ = {
			isa = PBXGroup;
			children = (
				BD1BF7FF19DB901E00B1379A /* EasyBillsTests-Info.plist */,
				BD1BF80019DB901E00B1379A /* InfoPlist.strings */,
			);
			name = "Supporting Files";
			sourceTree = "<group>";
		};
		BD1BF84719DB9C0100B1379A /* CoreData */ = {
			isa = PBXGroup;
			children = (
				BD1BF82819DB927300B1379A /* Model.xcdatamodeld */,
				455C0DA41AD65BAF0060C4DF /* Bill.h */,
				455C0DA51AD65BAF0060C4DF /* Bill.m */,
				459CDE1C1ACD5C2100A6B0E2 /* Kind.h */,
				459CDE1D1ACD5C2100A6B0E2 /* Kind.m */,
				455C0DA71AD65BB00060C4DF /* Plackmark.h */,
				455C0DA81AD65BB00060C4DF /* Plackmark.m */,
				455C0DAD1AD65BF10060C4DF /* Plackmark+ */,
				BD81A3DA1A99D3BA00C2CBE6 /* Kind+ */,
				BD81A3D91A99D38400C2CBE6 /* Bill+ */,
			);
			name = CoreData;
			sourceTree = "<group>";
		};
		BD1BF84919DB9C7800B1379A /* PushSegue */ = {
			isa = PBXGroup;
			children = (
				BDA956371A10F13F00E55A9D /* BillDetailCVC.h */,
				BDA956381A10F13F00E55A9D /* BillDetailCVC.m */,
				45ECF3A51AC537F400D0CACB /* BillDetailCVC+Extension.h */,
				45ECF3A61AC537F400D0CACB /* BillDetailCVC+Extension.m */,
				45ECF39F1AC5358400D0CACB /* BillDetailCVC+UITextField.h */,
				45ECF3A01AC5358400D0CACB /* BillDetailCVC+UITextField.m */,
				45ECF3961AC52FD200D0CACB /* BillDetailCVC+UIPickerView.h */,
				45ECF3971AC52FD200D0CACB /* BillDetailCVC+UIPickerView.m */,
				45ECF3931AC5227500D0CACB /* BillDetailCVC+UIDatePicker.h */,
				45ECF3941AC5227500D0CACB /* BillDetailCVC+UIDatePicker.m */,
				4508D66B1AC41E60007CA44A /* BillDetailCVC+Observer.h */,
				4508D66C1AC41E60007CA44A /* BillDetailCVC+Observer.m */,
				4508D6681AC41909007CA44A /* BillDetailCVC+SetUp.h */,
				4508D6691AC41909007CA44A /* BillDetailCVC+SetUp.m */,
				4508D65F1AC41642007CA44A /* BillDetailCVC+UIActionSheet.h */,
				4508D6601AC41642007CA44A /* BillDetailCVC+UIActionSheet.m */,
				4508D65C1AC41327007CA44A /* BillDetailCVC+MKMapView.h */,
				4508D65D1AC41327007CA44A /* BillDetailCVC+MKMapView.m */,
				4508D6591AC40CF8007CA44A /* BillDetailCVC+CLLocation.h */,
				4508D65A1AC40CF8007CA44A /* BillDetailCVC+CLLocation.m */,
				BD81A3E81A99D69200C2CBE6 /* ColorPickerCollectionViewController */,
			);
			name = PushSegue;
			sourceTree = "<group>";
		};
		BD1BF84A19DB9C8B00B1379A /* Model */ = {
			isa = PBXGroup;
			children = (
				BD81A3D81A99D36C00C2CBE6 /* PubicVariable */,
				458517A51AC95CA0003149C3 /* Filter */,
				BD81A3D71A99D36500C2CBE6 /* ChartDate */,
				BD1BF84719DB9C0100B1379A /* CoreData */,
				BD58BDB81AA8A5B800CE2D08 /* ColorCenter */,
			);
			name = Model;
			sourceTree = "<group>";
		};
		BD1BF84B19DB9CB000B1379A /* Controller */ = {
			isa = PBXGroup;
			children = (
				BD81A3CF1A99CF9600C2CBE6 /* SidebarViewController */,
				BD81A3D01A99CF9F00C2CBE6 /* MainViewController */,
			);
			name = Controller;
			sourceTree = "<group>";
		};
		BD1BF84C19DB9CFB00B1379A /* View */ = {
			isa = PBXGroup;
			children = (
				BD1BF7EA19DB901E00B1379A /* Main.storyboard */,
				BD81A3EE1A99D7A000C2CBE6 /* BillCDTVCCells */,
				BD81A3E91A99D6C900C2CBE6 /* ColorCVCell */,
			);
			name = View;
			sourceTree = "<group>";
		};
		BD1BF84D19DB9DB900B1379A /* CoreDataTableViewController */ = {
			isa = PBXGroup;
			children = (
				BD1BF81819DB927300B1379A /* CoreDataTableViewController.h */,
				BD1BF81919DB927300B1379A /* CoreDataTableViewController.m */,
			);
			name = CoreDataTableViewController;
			sourceTree = "<group>";
		};
		BD58BDA41AA8994500CE2D08 /* ColorTransformer */ = {
			isa = PBXGroup;
			children = (
				BD58BD9E1AA8984300CE2D08 /* ColorTransformer.h */,
				BD58BD9F1AA8984300CE2D08 /* ColorTransformer.m */,
			);
			name = ColorTransformer;
			sourceTree = "<group>";
		};
		BD58BDB81AA8A5B800CE2D08 /* ColorCenter */ = {
			isa = PBXGroup;
			children = (
				BD58BDB51AA8A5B000CE2D08 /* ColorCenter.h */,
				BD58BDB61AA8A5B000CE2D08 /* ColorCenter.m */,
			);
			name = ColorCenter;
			sourceTree = "<group>";
		};
		BD6FC8511AA0B7900059AC20 /* PushSegue */ = {
			isa = PBXGroup;
			children = (
				BD6FC84E1AA0B7730059AC20 /* KindDetailCVC.h */,
				BD6FC84F1AA0B7730059AC20 /* KindDetailCVC.m */,
			);
			name = PushSegue;
			sourceTree = "<group>";
		};
		BD81A3CE1A99CEB800C2CBE6 /* Extension */ = {
			isa = PBXGroup;
			children = (
				455C0DA01AD64E660060C4DF /* CustomAnimationController.h */,
				455C0D9D1AD64A080060C4DF /* LoadingStatus.h */,
				455C0D9E1AD64A080060C4DF /* LoadingStatus.m */,
				BDA397821A3BE9E400E1D9F7 /* DefaultStyleController.h */,
				BDA397831A3BE9E400E1D9F7 /* DefaultStyleController.m */,
				456F70061ADE4687000E2B04 /* NSDate+Extension.h */,
				456F70071ADE4687000E2B04 /* NSDate+Extension.m */,
				456664B11ADCD12600808312 /* UIFont+Extension.h */,
				456664B21ADCD12600808312 /* UIFont+Extension.m */,
				455C0DA11AD650150060C4DF /* NSString+Extension.h */,
				455C0DA21AD650150060C4DF /* NSString+Extension.m */,
				4568DB841ABFFA3D0064BBE2 /* UIImage+Extension.h */,
				4568DB851ABFFA3D0064BBE2 /* UIImage+Extension.m */,
				BD0749651A86660300467648 /* UIButton+Extension.h */,
				BD0749661A86660300467648 /* UIButton+Extension.m */,
				BD7348821A99842B00692EE4 /* UINavigationController+Style.h */,
				BD7348831A99842B00692EE4 /* UINavigationController+Style.m */,
				BD7348931A9995B600692EE4 /* UIViewController+Extension.h */,
				BD7348941A9995B700692EE4 /* UIViewController+Extension.m */,
			);
			name = Extension;
			sourceTree = "<group>";
		};
		BD81A3CF1A99CF9600C2CBE6 /* SidebarViewController */ = {
			isa = PBXGroup;
			children = (
				BDB32C9A1A22421C00EA822E /* SidebarViewController.h */,
				BDB32C9B1A22421C00EA822E /* SidebarViewController.m */,
			);
			name = SidebarViewController;
			sourceTree = "<group>";
		};
		BD81A3D01A99CF9F00C2CBE6 /* MainViewController */ = {
			isa = PBXGroup;
			children = (
				BD81A3D11A99CFCF00C2CBE6 /* HomeViewController */,
				BD81A3D31A99CFE100C2CBE6 /* KindCDTVC */,
				BD81A3D21A99CFD800C2CBE6 /* MapCDTVC */,
				BD81A3D41A99CFEB00C2CBE6 /* SettingTVC */,
			);
			name = MainViewController;
			sourceTree = "<group>";
		};
		BD81A3D11A99CFCF00C2CBE6 /* HomeViewController */ = {
			isa = PBXGroup;
			children = (
				BD1BF7ED19DB901E00B1379A /* HomeViewController.h */,
				BD1BF7EE19DB901E00B1379A /* HomeViewController.m */,
				BD81A3D51A99D02A00C2CBE6 /* PushSegue */,
			);
			name = HomeViewController;
			sourceTree = "<group>";
		};
		BD81A3D21A99CFD800C2CBE6 /* MapCDTVC */ = {
			isa = PBXGroup;
			children = (
				4508D5FF1AC2961F007CA44A /* ToolBarCMCDTVC.h */,
				4508D6001AC2961F007CA44A /* ToolBarCMCDTVC.m */,
				45895D801AC1217C0009E749 /* ClusterMapCDTVC.h */,
				45895D811AC1217C0009E749 /* ClusterMapCDTVC.m */,
				459A8FB11AD792CB00685124 /* PopverSegue */,
				BD81A3D61A99D06300C2CBE6 /* CoreDataMapViewController */,
			);
			name = MapCDTVC;
			sourceTree = "<group>";
		};
		BD81A3D31A99CFE100C2CBE6 /* KindCDTVC */ = {
			isa = PBXGroup;
			children = (
				BDB39FD719E814BF0022E5C4 /* KindCDTVC.h */,
				BDB39FD819E814BF0022E5C4 /* KindCDTVC.m */,
				458517A41AC95C7B003149C3 /* PopverSegue */,
				BD6FC8511AA0B7900059AC20 /* PushSegue */,
			);
			name = KindCDTVC;
			sourceTree = "<group>";
		};
		BD81A3D41A99CFEB00C2CBE6 /* SettingTVC */ = {
			isa = PBXGroup;
			children = (
				BDB056B819E3A1D000494080 /* SettingTVC.h */,
				BDB056B919E3A1D000494080 /* SettingTVC.m */,
			);
			name = SettingTVC;
			sourceTree = "<group>";
		};
		BD81A3D51A99D02A00C2CBE6 /* PushSegue */ = {
			isa = PBXGroup;
			children = (
				BD1BF81219DB927300B1379A /* BillCDTVC.h */,
				BD1BF81319DB927300B1379A /* BillCDTVC.m */,
				45C076F91AE3DEC9001F9B44 /* ManageKindCDTVC.h */,
				45C076FA1AE3DEC9001F9B44 /* ManageKindCDTVC.m */,
				BD1BF84919DB9C7800B1379A /* PushSegue */,
				BD1BF84D19DB9DB900B1379A /* CoreDataTableViewController */,
			);
			name = PushSegue;
			sourceTree = "<group>";
		};
		BD81A3D61A99D06300C2CBE6 /* CoreDataMapViewController */ = {
			isa = PBXGroup;
			children = (
				BDA5A34A19FA787A006D2E69 /* MapCDTVC.h */,
				BDA5A34B19FA787A006D2E69 /* MapCDTVC.m */,
				BDABBCC71A03C4EE0029D7D1 /* CoreDataMapViewController.h */,
				BDABBCC81A03C4EE0029D7D1 /* CoreDataMapViewController.m */,
			);
			name = CoreDataMapViewController;
			sourceTree = "<group>";
		};
		BD81A3D71A99D36500C2CBE6 /* ChartDate */ = {
			isa = PBXGroup;
			children = (
				BD1BF81619DB927300B1379A /* ChartDate.h */,
				BD1BF81719DB927300B1379A /* ChartDate.m */,
			);
			name = ChartDate;
			sourceTree = "<group>";
		};
		BD81A3D81A99D36C00C2CBE6 /* PubicVariable */ = {
			isa = PBXGroup;
			children = (
				BD1BF82C19DB927300B1379A /* PubicVariable.h */,
				BD1BF82D19DB927300B1379A /* PubicVariable.m */,
				BD1BF82E19DB927300B1379A /* PubicVariable+FetchRequest.h */,
				BD1BF82F19DB927300B1379A /* PubicVariable+FetchRequest.m */,
			);
			name = PubicVariable;
			sourceTree = "<group>";
		};
		BD81A3D91A99D38400C2CBE6 /* Bill+ */ = {
			isa = PBXGroup;
			children = (
				BD1BF81019DB927300B1379A /* Bill+Create.h */,
				BD1BF81119DB927300B1379A /* Bill+Create.m */,
				BDB073DA19FBD9780062462F /* Bill+MKAnnotation.h */,
				BDB073DB19FBD9780062462F /* Bill+MKAnnotation.m */,
			);
			name = "Bill+";
			sourceTree = "<group>";
		};
		BD81A3DA1A99D3BA00C2CBE6 /* Kind+ */ = {
			isa = PBXGroup;
			children = (
				BD1BF82419DB927300B1379A /* Kind+Create.h */,
				BD1BF82519DB927300B1379A /* Kind+Create.m */,
				BD58BDA41AA8994500CE2D08 /* ColorTransformer */,
			);
			name = "Kind+";
			sourceTree = "<group>";
		};
		BD81A3E81A99D69200C2CBE6 /* ColorPickerCollectionViewController */ = {
			isa = PBXGroup;
			children = (
				BD3342A01A4DB07F00BC163C /* ColorPickerCollectionViewController.h */,
				BD3342A11A4DB07F00BC163C /* ColorPickerCollectionViewController.m */,
			);
			name = ColorPickerCollectionViewController;
			sourceTree = "<group>";
		};
		BD81A3E91A99D6C900C2CBE6 /* ColorCVCell */ = {
			isa = PBXGroup;
			children = (
				BD571E161A82633A0040CCF4 /* ColorCVCell.h */,
				BD571E171A82633A0040CCF4 /* ColorCVCell.m */,
			);
			name = ColorCVCell;
			sourceTree = "<group>";
		};
		BD81A3EE1A99D7A000C2CBE6 /* BillCDTVCCells */ = {
			isa = PBXGroup;
			children = (
				BD81A3EB1A99D78500C2CBE6 /* BillTVCell.h */,
				BD81A3EC1A99D78500C2CBE6 /* BillTVCell.m */,
			);
			name = BillCDTVCCells;
			sourceTree = "<group>";
		};
/* End PBXGroup section */

/* Begin PBXNativeTarget section */
		BD1BF7D419DB901E00B1379A /* EasyBills */ = {
			isa = PBXNativeTarget;
			buildConfigurationList = BD1BF80719DB901E00B1379A /* Build configuration list for PBXNativeTarget "EasyBills" */;
			buildPhases = (
				77741D26F7A74AE9919607D8 /* Check Pods Manifest.lock */,
				BD1BF7D119DB901E00B1379A /* Sources */,
				BD1BF7D219DB901E00B1379A /* Frameworks */,
				BD1BF7D319DB901E00B1379A /* Resources */,
				1969632761F945A1BD448A46 /* Copy Pods Resources */,
			);
			buildRules = (
			);
			dependencies = (
			);
			name = EasyBills;
			productName = EasyBills;
			productReference = BD1BF7D519DB901E00B1379A /* EasyBills.app */;
			productType = "com.apple.product-type.application";
		};
		BD1BF7F519DB901E00B1379A /* EasyBillsTests */ = {
			isa = PBXNativeTarget;
			buildConfigurationList = BD1BF80A19DB901E00B1379A /* Build configuration list for PBXNativeTarget "EasyBillsTests" */;
			buildPhases = (
				BD1BF7F219DB901E00B1379A /* Sources */,
				BD1BF7F319DB901E00B1379A /* Frameworks */,
				BD1BF7F419DB901E00B1379A /* Resources */,
			);
			buildRules = (
			);
			dependencies = (
				BD1BF7FC19DB901E00B1379A /* PBXTargetDependency */,
			);
			name = EasyBillsTests;
			productName = EasyBillsTests;
			productReference = BD1BF7F619DB901E00B1379A /* EasyBillsTests.xctest */;
			productType = "com.apple.product-type.bundle.unit-test";
		};
/* End PBXNativeTarget section */

/* Begin PBXProject section */
		BD1BF7CD19DB901E00B1379A /* Project object */ = {
			isa = PBXProject;
			attributes = {
				LastUpgradeCheck = 0510;
				ORGANIZATIONNAME = beeth0ven;
				TargetAttributes = {
					BD1BF7D419DB901E00B1379A = {
						DevelopmentTeam = 6BDKUNMM63;
						SystemCapabilities = {
							com.apple.Maps.iOS = {
								enabled = 0;
							};
							com.apple.iCloud = {
								enabled = 0;
							};
						};
					};
					BD1BF7F519DB901E00B1379A = {
						TestTargetID = BD1BF7D419DB901E00B1379A;
					};
				};
			};
			buildConfigurationList = BD1BF7D019DB901E00B1379A /* Build configuration list for PBXProject "EasyBills" */;
			compatibilityVersion = "Xcode 3.2";
			developmentRegion = English;
			hasScannedForEncodings = 0;
			knownRegions = (
				en,
				Base,
			);
			mainGroup = BD1BF7CC19DB901E00B1379A;
			productRefGroup = BD1BF7D619DB901E00B1379A /* Products */;
			projectDirPath = "";
			projectRoot = "";
			targets = (
				BD1BF7D419DB901E00B1379A /* EasyBills */,
				BD1BF7F519DB901E00B1379A /* EasyBillsTests */,
			);
		};
/* End PBXProject section */

/* Begin PBXResourcesBuildPhase section */
		BD1BF7D319DB901E00B1379A /* Resources */ = {
			isa = PBXResourcesBuildPhase;
			buildActionMask = 2147483647;
			files = (
				459CDE231ACE5E6900A6B0E2 /* LaunchScreen.xib in Resources */,
				456664A81ADA48F500808312 /* Naughty Cartoons.ttf in Resources */,
				BD1BF7E319DB901E00B1379A /* InfoPlist.strings in Resources */,
				BD1BF7EC19DB901E00B1379A /* Main.storyboard in Resources */,
				456664B01ADA604A00808312 /* WawaSC-Regular.otf in Resources */,
				BD0FDC781A90DFF200679961 /* Media.xcassets in Resources */,
			);
			runOnlyForDeploymentPostprocessing = 0;
		};
		BD1BF7F419DB901E00B1379A /* Resources */ = {
			isa = PBXResourcesBuildPhase;
			buildActionMask = 2147483647;
			files = (
				BD1BF80219DB901E00B1379A /* InfoPlist.strings in Resources */,
			);
			runOnlyForDeploymentPostprocessing = 0;
		};
/* End PBXResourcesBuildPhase section */

/* Begin PBXShellScriptBuildPhase section */
		1969632761F945A1BD448A46 /* Copy Pods Resources */ = {
			isa = PBXShellScriptBuildPhase;
			buildActionMask = 2147483647;
			files = (
			);
			inputPaths = (
			);
			name = "Copy Pods Resources";
			outputPaths = (
			);
			runOnlyForDeploymentPostprocessing = 0;
			shellPath = /bin/sh;
			shellScript = "\"${SRCROOT}/Pods/Target Support Files/Pods/Pods-resources.sh\"\n";
			showEnvVarsInLog = 0;
		};
		77741D26F7A74AE9919607D8 /* Check Pods Manifest.lock */ = {
			isa = PBXShellScriptBuildPhase;
			buildActionMask = 2147483647;
			files = (
			);
			inputPaths = (
			);
			name = "Check Pods Manifest.lock";
			outputPaths = (
			);
			runOnlyForDeploymentPostprocessing = 0;
			shellPath = /bin/sh;
			shellScript = "diff \"${PODS_ROOT}/../Podfile.lock\" \"${PODS_ROOT}/Manifest.lock\" > /dev/null\nif [[ $? != 0 ]] ; then\n    cat << EOM\nerror: The sandbox is not in sync with the Podfile.lock. Run 'pod install' or update your CocoaPods installation.\nEOM\n    exit 1\nfi\n";
			showEnvVarsInLog = 0;
		};
/* End PBXShellScriptBuildPhase section */

/* Begin PBXSourcesBuildPhase section */
		BD1BF7D119DB901E00B1379A /* Sources */ = {
			isa = PBXSourcesBuildPhase;
			buildActionMask = 2147483647;
			files = (
				455C0DA61AD65BAF0060C4DF /* Bill.m in Sources */,
				BDA956391A10F13F00E55A9D /* BillDetailCVC.m in Sources */,
				4508D65E1AC41327007CA44A /* BillDetailCVC+MKMapView.m in Sources */,
				459CDE1E1ACD5C2100A6B0E2 /* Kind.m in Sources */,
				4508D6511AC3EDF5007CA44A /* Paths.m in Sources */,
				458517A31AC95778003149C3 /* FilterTableViewController.m in Sources */,
				BDB32C9C1A22421C00EA822E /* SidebarViewController.m in Sources */,
				4508D6011AC2961F007CA44A /* ToolBarCMCDTVC.m in Sources */,
				BD1BF83F19DB927300B1379A /* PubicVariable.m in Sources */,
				BD6FC8501AA0B7730059AC20 /* KindDetailCVC.m in Sources */,
				BDA397841A3BE9E400E1D9F7 /* DefaultStyleController.m in Sources */,
				45ECF3981AC52FD200D0CACB /* BillDetailCVC+UIPickerView.m in Sources */,
				BD1BF83119DB927300B1379A /* Bill+Create.m in Sources */,
				BD7348841A99842B00692EE4 /* UINavigationController+Style.m in Sources */,
				4508D66A1AC41909007CA44A /* BillDetailCVC+SetUp.m in Sources */,
				459A8FB71AD7943D00685124 /* PlacemarkCDTVC.m in Sources */,
				BD1BF83519DB927300B1379A /* CoreDataTableViewController.m in Sources */,
				4508D65B1AC40CF8007CA44A /* BillDetailCVC+CLLocation.m in Sources */,
				455C0D9F1AD64A080060C4DF /* LoadingStatus.m in Sources */,
				45ECF3951AC5227500D0CACB /* BillDetailCVC+UIDatePicker.m in Sources */,
				BD1BF83219DB927300B1379A /* BillCDTVC.m in Sources */,
				455C0DA31AD650150060C4DF /* NSString+Extension.m in Sources */,
				BD1BF83D19DB927300B1379A /* Model.xcdatamodeld in Sources */,
				45C076FB1AE3DEC9001F9B44 /* ManageKindCDTVC.m in Sources */,
				458517A21AC95778003149C3 /* Filter.m in Sources */,
				BD0749671A86660300467648 /* UIButton+Extension.m in Sources */,
				BD58BDB71AA8A5B000CE2D08 /* ColorCenter.m in Sources */,
				456664B31ADCD12600808312 /* UIFont+Extension.m in Sources */,
				4508D6551AC3EE10007CA44A /* CGPath+Extension.m in Sources */,
				4508D66D1AC41E60007CA44A /* BillDetailCVC+Observer.m in Sources */,
				456F70081ADE4687000E2B04 /* NSDate+Extension.m in Sources */,
				BD1BF7EF19DB901E00B1379A /* HomeViewController.m in Sources */,
				BD1BF84019DB927300B1379A /* PubicVariable+FetchRequest.m in Sources */,
				BD1BF7E919DB901E00B1379A /* AppDelegate.m in Sources */,
				455C0DAC1AD65BE20060C4DF /* Plackmark+Create.m in Sources */,
				BD571E181A82633A0040CCF4 /* ColorCVCell.m in Sources */,
				BDB056BA19E3A1D000494080 /* SettingTVC.m in Sources */,
				4568DB861ABFFA3D0064BBE2 /* UIImage+Extension.m in Sources */,
				BDA5A34C19FA787A006D2E69 /* MapCDTVC.m in Sources */,
				BD7348951A9995B700692EE4 /* UIViewController+Extension.m in Sources */,
				458C77571AD4FD2B0088BA86 /* CustomDismissAnimationController.m in Sources */,
				BD3342A21A4DB07F00BC163C /* ColorPickerCollectionViewController.m in Sources */,
				45ECF3A71AC537F400D0CACB /* BillDetailCVC+Extension.m in Sources */,
				BD1BF83B19DB927300B1379A /* Kind+Create.m in Sources */,
				BD58BDA01AA8984300CE2D08 /* ColorTransformer.m in Sources */,
				458C77541AD4E1670088BA86 /* CustomPresentAnimationController.m in Sources */,
				45895D821AC1217C0009E749 /* ClusterMapCDTVC.m in Sources */,
				BDABBCC91A03C4EE0029D7D1 /* CoreDataMapViewController.m in Sources */,
				BDB39FD919E814BF0022E5C4 /* KindCDTVC.m in Sources */,
				4508D6581AC3F283007CA44A /* EasyBillsCursorButton.m in Sources */,
				4508D6501AC3EDF5007CA44A /* CursorButton.m in Sources */,
				BD81A3ED1A99D78500C2CBE6 /* BillTVCell.m in Sources */,
				4508D6611AC41642007CA44A /* BillDetailCVC+UIActionSheet.m in Sources */,
				BD1BF83419DB927300B1379A /* ChartDate.m in Sources */,
				BD1BF7E519DB901E00B1379A /* main.m in Sources */,
				BDB073DC19FBD9780062462F /* Bill+MKAnnotation.m in Sources */,
				455C0DA91AD65BB00060C4DF /* Plackmark.m in Sources */,
				45ECF3A11AC5358400D0CACB /* BillDetailCVC+UITextField.m in Sources */,
			);
			runOnlyForDeploymentPostprocessing = 0;
		};
		BD1BF7F219DB901E00B1379A /* Sources */ = {
			isa = PBXSourcesBuildPhase;
			buildActionMask = 2147483647;
			files = (
				BD1BF80419DB901E00B1379A /* EasyBillsTests.m in Sources */,
			);
			runOnlyForDeploymentPostprocessing = 0;
		};
/* End PBXSourcesBuildPhase section */

/* Begin PBXTargetDependency section */
		BD1BF7FC19DB901E00B1379A /* PBXTargetDependency */ = {
			isa = PBXTargetDependency;
			target = BD1BF7D419DB901E00B1379A /* EasyBills */;
			targetProxy = BD1BF7FB19DB901E00B1379A /* PBXContainerItemProxy */;
		};
/* End PBXTargetDependency section */

/* Begin PBXVariantGroup section */
		BD1BF7E119DB901E00B1379A /* InfoPlist.strings */ = {
			isa = PBXVariantGroup;
			children = (
				BD1BF7E219DB901E00B1379A /* en */,
			);
			name = InfoPlist.strings;
			sourceTree = "<group>";
		};
		BD1BF7EA19DB901E00B1379A /* Main.storyboard */ = {
			isa = PBXVariantGroup;
			children = (
				BD1BF7EB19DB901E00B1379A /* Base */,
			);
			name = Main.storyboard;
			sourceTree = "<group>";
		};
		BD1BF80019DB901E00B1379A /* InfoPlist.strings */ = {
			isa = PBXVariantGroup;
			children = (
				BD1BF80119DB901E00B1379A /* en */,
			);
			name = InfoPlist.strings;
			sourceTree = "<group>";
		};
/* End PBXVariantGroup section */

/* Begin XCBuildConfiguration section */
		BD1BF80519DB901E00B1379A /* Debug */ = {
			isa = XCBuildConfiguration;
			buildSettings = {
				ALWAYS_SEARCH_USER_PATHS = NO;
				CLANG_CXX_LANGUAGE_STANDARD = "gnu++0x";
				CLANG_CXX_LIBRARY = "libc++";
				CLANG_ENABLE_MODULES = YES;
				CLANG_ENABLE_OBJC_ARC = YES;
				CLANG_WARN_BOOL_CONVERSION = YES;
				CLANG_WARN_CONSTANT_CONVERSION = YES;
				CLANG_WARN_DIRECT_OBJC_ISA_USAGE = YES_ERROR;
				CLANG_WARN_EMPTY_BODY = YES;
				CLANG_WARN_ENUM_CONVERSION = YES;
				CLANG_WARN_INT_CONVERSION = YES;
				CLANG_WARN_OBJC_ROOT_CLASS = YES_ERROR;
				CLANG_WARN__DUPLICATE_METHOD_MATCH = YES;
				"CODE_SIGN_IDENTITY[sdk=iphoneos*]" = "iPhone Developer";
				COPY_PHASE_STRIP = NO;
				GCC_C_LANGUAGE_STANDARD = gnu99;
				GCC_DYNAMIC_NO_PIC = NO;
				GCC_OPTIMIZATION_LEVEL = 0;
				GCC_PREPROCESSOR_DEFINITIONS = (
					"DEBUG=1",
					"$(inherited)",
				);
				GCC_SYMBOLS_PRIVATE_EXTERN = NO;
				GCC_WARN_64_TO_32_BIT_CONVERSION = YES;
				GCC_WARN_ABOUT_RETURN_TYPE = YES_ERROR;
				GCC_WARN_UNDECLARED_SELECTOR = YES;
				GCC_WARN_UNINITIALIZED_AUTOS = YES_AGGRESSIVE;
				GCC_WARN_UNUSED_FUNCTION = YES;
				GCC_WARN_UNUSED_VARIABLE = YES;
				IPHONEOS_DEPLOYMENT_TARGET = 7.1;
				ONLY_ACTIVE_ARCH = YES;
				SDKROOT = iphoneos;
			};
			name = Debug;
		};
		BD1BF80619DB901E00B1379A /* Release */ = {
			isa = XCBuildConfiguration;
			buildSettings = {
				ALWAYS_SEARCH_USER_PATHS = NO;
				CLANG_CXX_LANGUAGE_STANDARD = "gnu++0x";
				CLANG_CXX_LIBRARY = "libc++";
				CLANG_ENABLE_MODULES = YES;
				CLANG_ENABLE_OBJC_ARC = YES;
				CLANG_WARN_BOOL_CONVERSION = YES;
				CLANG_WARN_CONSTANT_CONVERSION = YES;
				CLANG_WARN_DIRECT_OBJC_ISA_USAGE = YES_ERROR;
				CLANG_WARN_EMPTY_BODY = YES;
				CLANG_WARN_ENUM_CONVERSION = YES;
				CLANG_WARN_INT_CONVERSION = YES;
				CLANG_WARN_OBJC_ROOT_CLASS = YES_ERROR;
				CLANG_WARN__DUPLICATE_METHOD_MATCH = YES;
				"CODE_SIGN_IDENTITY[sdk=iphoneos*]" = "iPhone Developer";
				COPY_PHASE_STRIP = YES;
				ENABLE_NS_ASSERTIONS = NO;
				GCC_C_LANGUAGE_STANDARD = gnu99;
				GCC_WARN_64_TO_32_BIT_CONVERSION = YES;
				GCC_WARN_ABOUT_RETURN_TYPE = YES_ERROR;
				GCC_WARN_UNDECLARED_SELECTOR = YES;
				GCC_WARN_UNINITIALIZED_AUTOS = YES_AGGRESSIVE;
				GCC_WARN_UNUSED_FUNCTION = YES;
				GCC_WARN_UNUSED_VARIABLE = YES;
				IPHONEOS_DEPLOYMENT_TARGET = 7.1;
				SDKROOT = iphoneos;
				VALIDATE_PRODUCT = YES;
			};
			name = Release;
		};
		BD1BF80819DB901E00B1379A /* Debug */ = {
			isa = XCBuildConfiguration;
			baseConfigurationReference = 0CA564406E4C247DAE42E147 /* Pods.debug.xcconfig */;
			buildSettings = {
				ASSETCATALOG_COMPILER_APPICON_NAME = AppIcon;
				ASSETCATALOG_COMPILER_LAUNCHIMAGE_NAME = LaunchImage;
				CLANG_ENABLE_MODULES = YES;
				CODE_SIGN_IDENTITY = "iPhone Developer";
				"CODE_SIGN_IDENTITY[sdk=iphoneos*]" = "iPhone Developer";
				GCC_PRECOMPILE_PREFIX_HEADER = YES;
				GCC_PREFIX_HEADER = "EasyBills/EasyBills-Prefix.pch";
				INFOPLIST_FILE = "EasyBills/EasyBills-Info.plist";
				IPHONEOS_DEPLOYMENT_TARGET = 8.0;
				LD_RUNPATH_SEARCH_PATHS = "$(inherited) @executable_path/Frameworks";
				PRODUCT_NAME = "$(TARGET_NAME)";
				PROVISIONING_PROFILE = "";
				SWIFT_OBJC_BRIDGING_HEADER = "EasyBills/EasyBills-Bridging-Header.h";
				SWIFT_OPTIMIZATION_LEVEL = "-Onone";
				TARGETED_DEVICE_FAMILY = "1,2";
				WRAPPER_EXTENSION = app;
			};
			name = Debug;
		};
		BD1BF80919DB901E00B1379A /* Release */ = {
			isa = XCBuildConfiguration;
			baseConfigurationReference = E98E799CB54E5AE173A1F075 /* Pods.release.xcconfig */;
			buildSettings = {
				ASSETCATALOG_COMPILER_APPICON_NAME = AppIcon;
				ASSETCATALOG_COMPILER_LAUNCHIMAGE_NAME = LaunchImage;
				CLANG_ENABLE_MODULES = YES;
				CODE_SIGN_IDENTITY = "iPhone Developer";
				"CODE_SIGN_IDENTITY[sdk=iphoneos*]" = "iPhone Developer";
				GCC_PRECOMPILE_PREFIX_HEADER = YES;
				GCC_PREFIX_HEADER = "EasyBills/EasyBills-Prefix.pch";
				INFOPLIST_FILE = "EasyBills/EasyBills-Info.plist";
				IPHONEOS_DEPLOYMENT_TARGET = 8.0;
				LD_RUNPATH_SEARCH_PATHS = "$(inherited) @executable_path/Frameworks";
				PRODUCT_NAME = "$(TARGET_NAME)";
				PROVISIONING_PROFILE = "";
				SWIFT_OBJC_BRIDGING_HEADER = "EasyBills/EasyBills-Bridging-Header.h";
				TARGETED_DEVICE_FAMILY = "1,2";
				WRAPPER_EXTENSION = app;
			};
			name = Release;
		};
		BD1BF80B19DB901E00B1379A /* Debug */ = {
			isa = XCBuildConfiguration;
			buildSettings = {
				BUNDLE_LOADER = "$(BUILT_PRODUCTS_DIR)/EasyBills.app/EasyBills";
				FRAMEWORK_SEARCH_PATHS = (
					"$(SDKROOT)/Developer/Library/Frameworks",
					"$(inherited)",
					"$(DEVELOPER_FRAMEWORKS_DIR)",
				);
				GCC_PRECOMPILE_PREFIX_HEADER = YES;
				GCC_PREFIX_HEADER = "EasyBills/EasyBills-Prefix.pch";
				GCC_PREPROCESSOR_DEFINITIONS = (
					"DEBUG=1",
					"$(inherited)",
				);
				INFOPLIST_FILE = "EasyBillsTests/EasyBillsTests-Info.plist";
				PRODUCT_NAME = "$(TARGET_NAME)";
				TEST_HOST = "$(BUNDLE_LOADER)";
				WRAPPER_EXTENSION = xctest;
			};
			name = Debug;
		};
		BD1BF80C19DB901E00B1379A /* Release */ = {
			isa = XCBuildConfiguration;
			buildSettings = {
				BUNDLE_LOADER = "$(BUILT_PRODUCTS_DIR)/EasyBills.app/EasyBills";
				FRAMEWORK_SEARCH_PATHS = (
					"$(SDKROOT)/Developer/Library/Frameworks",
					"$(inherited)",
					"$(DEVELOPER_FRAMEWORKS_DIR)",
				);
				GCC_PRECOMPILE_PREFIX_HEADER = YES;
				GCC_PREFIX_HEADER = "EasyBills/EasyBills-Prefix.pch";
				INFOPLIST_FILE = "EasyBillsTests/EasyBillsTests-Info.plist";
				PRODUCT_NAME = "$(TARGET_NAME)";
				TEST_HOST = "$(BUNDLE_LOADER)";
				WRAPPER_EXTENSION = xctest;
			};
			name = Release;
		};
/* End XCBuildConfiguration section */

/* Begin XCConfigurationList section */
		BD1BF7D019DB901E00B1379A /* Build configuration list for PBXProject "EasyBills" */ = {
			isa = XCConfigurationList;
			buildConfigurations = (
				BD1BF80519DB901E00B1379A /* Debug */,
				BD1BF80619DB901E00B1379A /* Release */,
			);
			defaultConfigurationIsVisible = 0;
			defaultConfigurationName = Release;
		};
		BD1BF80719DB901E00B1379A /* Build configuration list for PBXNativeTarget "EasyBills" */ = {
			isa = XCConfigurationList;
			buildConfigurations = (
				BD1BF80819DB901E00B1379A /* Debug */,
				BD1BF80919DB901E00B1379A /* Release */,
			);
			defaultConfigurationIsVisible = 0;
			defaultConfigurationName = Release;
		};
		BD1BF80A19DB901E00B1379A /* Build configuration list for PBXNativeTarget "EasyBillsTests" */ = {
			isa = XCConfigurationList;
			buildConfigurations = (
				BD1BF80B19DB901E00B1379A /* Debug */,
				BD1BF80C19DB901E00B1379A /* Release */,
			);
			defaultConfigurationIsVisible = 0;
			defaultConfigurationName = Release;
		};
/* End XCConfigurationList section */

/* Begin XCVersionGroup section */
		BD1BF82819DB927300B1379A /* Model.xcdatamodeld */ = {
			isa = XCVersionGroup;
			children = (
				BD1BF82919DB927300B1379A /* Model.xcdatamodel */,
			);
			currentVersion = BD1BF82919DB927300B1379A /* Model.xcdatamodel */;
			path = Model.xcdatamodeld;
			sourceTree = "<group>";
			versionGroupType = wrapper.xcdatamodel;
		};
/* End XCVersionGroup section */
	};
	rootObject = BD1BF7CD19DB901E00B1379A /* Project object */;
}
